
Microsoft Visual Studio Solution File, Format Version 12.00
# Visual Studio Version 17
VisualStudioVersion = 17.14.36623.8 d17.14
MinimumVisualStudioVersion = 10.0.40219.1
Project("{2150E333-8FDC-42A3-9474-1A3956D46DE8}") = "Task0", "Task0", "{02EA681E-C7D8-13C7-8484-4AC65E1B71E8}"
EndProject
Project("{FAE04EC0-301F-11D3-BF4B-00C04F79EFBC}") = "Tyuiu.AxyonovMA.Sprint6.Task0.V6", "Tyuiu.AxyonovMA.Sprint6.Task0.V6\Tyuiu.AxyonovMA.Sprint6.Task0.V6.csproj", "{12F6D1F1-4B07-4BF3-9036-B0CF265872E8}"
EndProject
Project("{FAE04EC0-301F-11D3-BF4B-00C04F79EFBC}") = "Tyuiu.AxyonovMA.Sprint6.Task0.V6.Lib", "Tyuiu.AxyonovMA.Sprint6.Task0.V6.Lib\Tyuiu.AxyonovMA.Sprint6.Task0.V6.Lib.csproj", "{C2FBE739-E792-4F31-8CD9-E24356BCC7CB}"
EndProject
Project("{FAE04EC0-301F-11D3-BF4B-00C04F79EFBC}") = "Tyuiu.AxyonovMA.Sprint6.Task0.V6.Test", "Tyuiu.AxyonovMA.Sprint6.Task0.V6.Test\Tyuiu.AxyonovMA.Sprint6.Task0.V6.Test.csproj", "{653EE0BE-84A7-4D41-829D-50F0D6FB95EB}"
EndProject
Global
	GlobalSection(SolutionConfigurationPlatforms) = preSolution
		Debug|Any CPU = Debug|Any CPU
		Release|Any CPU = Release|Any CPU
	EndGlobalSection
	GlobalSection(ProjectConfigurationPlatforms) = postSolution
		{12F6D1F1-4B07-4BF3-9036-B0CF265872E8}.Debug|Any CPU.ActiveCfg = Debug|Any CPU
		{12F6D1F1-4B07-4BF3-9036-B0CF265872E8}.Debug|Any CPU.Build.0 = Debug|Any CPU
		{12F6D1F1-4B07-4BF3-9036-B0CF265872E8}.Release|Any CPU.ActiveCfg = Release|Any CPU
		{12F6D1F1-4B07-4BF3-9036-B0CF265872E8}.Release|Any CPU.Build.0 = Release|Any CPU
		{C2FBE739-E792-4F31-8CD9-E24356BCC7CB}.Debug|Any CPU.ActiveCfg = Debug|Any CPU
		{C2FBE739-E792-4F31-8CD9-E24356BCC7CB}.Debug|Any CPU.Build.0 = Debug|Any CPU
		{C2FBE739-E792-4F31-8CD9-E24356BCC7CB}.Release|Any CPU.ActiveCfg = Release|Any CPU
		{C2FBE739-E792-4F31-8CD9-E24356BCC7CB}.Release|Any CPU.Build.0 = Release|Any CPU
		{653EE0BE-84A7-4D41-829D-50F0D6FB95EB}.Debug|Any CPU.ActiveCfg = Debug|Any CPU
		{653EE0BE-84A7-4D41-829D-50F0D6FB95EB}.Debug|Any CPU.Build.0 = Debug|Any CPU
		{653EE0BE-84A7-4D41-829D-50F0D6FB95EB}.Release|Any CPU.ActiveCfg = Release|Any CPU
		{653EE0BE-84A7-4D41-829D-50F0D6FB95EB}.Release|Any CPU.Build.0 = Release|Any CPU
	EndGlobalSection
	GlobalSection(SolutionProperties) = preSolution
		HideSolutionNode = FALSE
	EndGlobalSection
	GlobalSection(NestedProjects) = preSolution
		{12F6D1F1-4B07-4BF3-9036-B0CF265872E8} = {02EA681E-C7D8-13C7-8484-4AC65E1B71E8}
		{C2FBE739-E792-4F31-8CD9-E24356BCC7CB} = {02EA681E-C7D8-13C7-8484-4AC65E1B71E8}
		{653EE0BE-84A7-4D41-829D-50F0D6FB95EB} = {02EA681E-C7D8-13C7-8484-4AC65E1B71E8}
	EndGlobalSection
	GlobalSection(ExtensibilityGlobals) = postSolution
		SolutionGuid = {F0E4C6A2-1C9F-4DBA-B6F5-83F13B2FFB47}
	EndGlobalSection
EndGlobal
